
Microsoft Visual Studio Solution File, Format Version 12.00
# Visual Studio 15
VisualStudioVersion = 15.0.28307.168
MinimumVisualStudioVersion = 10.0.40219.1
Project("{FAE04EC0-301F-11D3-BF4B-00C04F79EFBC}") = "Odev1.0", "Odev1.0\Odev1.0.csproj", "{DB9A4185-39F9-4712-AEBC-60BD663DBD25}"
EndProject
Global
	GlobalSection(SolutionConfigurationPlatforms) = preSolution
		Debug|Any CPU = Debug|Any CPU
		Release|Any CPU = Release|Any CPU
	EndGlobalSection
	GlobalSection(ProjectConfigurationPlatforms) = postSolution
		{DB9A4185-39F9-4712-AEBC-60BD663DBD25}.Debug|Any CPU.ActiveCfg = Debug|Any CPU
		{DB9A4185-39F9-4712-AEBC-60BD663DBD25}.Debug|Any CPU.Build.0 = Debug|Any CPU
		{DB9A4185-39F9-4712-AEBC-60BD663DBD25}.Release|Any CPU.ActiveCfg = Release|Any CPU
		{DB9A4185-39F9-4712-AEBC-60BD663DBD25}.Release|Any CPU.Build.0 = Release|Any CPU
	EndGlobalSection
	GlobalSection(SolutionProperties) = preSolution
		HideSolutionNode = FALSE
	EndGlobalSection
	GlobalSection(ExtensibilityGlobals) = postSolution
		SolutionGuid = {64C8561E-2950-492A-8720-AD963C68D293}
	EndGlobalSection
EndGlobal
